
Microsoft Visual Studio Solution File, Format Version 12.00
# Visual Studio Version 17
VisualStudioVersion = 17.6.33829.357
MinimumVisualStudioVersion = 10.0.40219.1
Project("{FAE04EC0-301F-11D3-BF4B-00C04F79EFBC}") = "EPZ-Kiosk", "EPZ-Kiosk\EPZ-Kiosk.csproj", "{B23B0CF6-CBAE-4667-98FC-3D620BD7C191}"
EndProject
Global
	GlobalSection(SolutionConfigurationPlatforms) = preSolution
		Debug|Any CPU = Debug|Any CPU
		Release|Any CPU = Release|Any CPU
	EndGlobalSection
	GlobalSection(ProjectConfigurationPlatforms) = postSolution
		{B23B0CF6-CBAE-4667-98FC-3D620BD7C191}.Debug|Any CPU.ActiveCfg = Debug|Any CPU
		{B23B0CF6-CBAE-4667-98FC-3D620BD7C191}.Debug|Any CPU.Build.0 = Debug|Any CPU
		{B23B0CF6-CBAE-4667-98FC-3D620BD7C191}.Release|Any CPU.ActiveCfg = Release|Any CPU
		{B23B0CF6-CBAE-4667-98FC-3D620BD7C191}.Release|Any CPU.Build.0 = Release|Any CPU
	EndGlobalSection
	GlobalSection(SolutionProperties) = preSolution
		HideSolutionNode = FALSE
	EndGlobalSection
	GlobalSection(ExtensibilityGlobals) = postSolution
		SolutionGuid = {BBFB934C-4C2F-4864-8942-E285AEFE93AD}
	EndGlobalSection
EndGlobal
